// !$*UTF8*$!
{
	archiveVersion = 1;
	classes = {
	};
	objectVersion = 51;
	objects = {

/* Begin PBXBuildFile section */
		B1E31F43AFC8AA2F9B910A9E /* Pods_RxSwiftBiliBiliTests.framework in Frameworks */ = {isa = PBXBuildFile; fileRef = 938967F992BC275DACD3932D /* Pods_RxSwiftBiliBiliTests.framework */; };
		C265A7AE240F878000A5D369 /* PeopleVC.xib in Resources */ = {isa = PBXBuildFile; fileRef = C265A7AD240F878000A5D369 /* PeopleVC.xib */; };
		C265A7B1240FACF300A5D369 /* ObservableVC.swift in Sources */ = {isa = PBXBuildFile; fileRef = C265A7B0240FACF300A5D369 /* ObservableVC.swift */; };
		C265A7B3240FAD0200A5D369 /* ObservableVC.xib in Resources */ = {isa = PBXBuildFile; fileRef = C265A7B2240FAD0200A5D369 /* ObservableVC.xib */; };
		C26EAE7A24122AC40007C129 /* DoOnVC.swift in Sources */ = {isa = PBXBuildFile; fileRef = C26EAE7924122AC30007C129 /* DoOnVC.swift */; };
		C26EAE7D241238F50007C129 /* DisposeVC.swift in Sources */ = {isa = PBXBuildFile; fileRef = C26EAE7C241238F50007C129 /* DisposeVC.swift */; };
		C28F4947240E55A8005D9C86 /* AppDelegate.swift in Sources */ = {isa = PBXBuildFile; fileRef = C28F4946240E55A8005D9C86 /* AppDelegate.swift */; };
		C28F4949240E55A8005D9C86 /* SceneDelegate.swift in Sources */ = {isa = PBXBuildFile; fileRef = C28F4948240E55A8005D9C86 /* SceneDelegate.swift */; };
		C28F494B240E55A8005D9C86 /* ViewController.swift in Sources */ = {isa = PBXBuildFile; fileRef = C28F494A240E55A8005D9C86 /* ViewController.swift */; };
		C28F494E240E55A8005D9C86 /* Main.storyboard in Resources */ = {isa = PBXBuildFile; fileRef = C28F494C240E55A8005D9C86 /* Main.storyboard */; };
		C28F4950240E55AB005D9C86 /* Assets.xcassets in Resources */ = {isa = PBXBuildFile; fileRef = C28F494F240E55AB005D9C86 /* Assets.xcassets */; };
		C28F4953240E55AB005D9C86 /* LaunchScreen.storyboard in Resources */ = {isa = PBXBuildFile; fileRef = C28F4951240E55AB005D9C86 /* LaunchScreen.storyboard */; };
		C28F495E240E55AB005D9C86 /* RxSwiftBiliBiliTests.swift in Sources */ = {isa = PBXBuildFile; fileRef = C28F495D240E55AB005D9C86 /* RxSwiftBiliBiliTests.swift */; };
		C28F4969240E55AB005D9C86 /* RxSwiftBiliBiliUITests.swift in Sources */ = {isa = PBXBuildFile; fileRef = C28F4968240E55AB005D9C86 /* RxSwiftBiliBiliUITests.swift */; };
		C28F4978240E59D5005D9C86 /* PeopleModel.swift in Sources */ = {isa = PBXBuildFile; fileRef = C28F4977240E59D5005D9C86 /* PeopleModel.swift */; };
		C28F497C240E59F1005D9C86 /* PeopleViewModel.swift in Sources */ = {isa = PBXBuildFile; fileRef = C28F497B240E59F1005D9C86 /* PeopleViewModel.swift */; };
		C28F4980240E5B1D005D9C86 /* PeopleVC.swift in Sources */ = {isa = PBXBuildFile; fileRef = C28F497F240E5B1D005D9C86 /* PeopleVC.swift */; };
		C32581798950C69B2A6979B6 /* Pods_RxSwiftBiliBili.framework in Frameworks */ = {isa = PBXBuildFile; fileRef = 61B5550DF5F71DC3A4A00190 /* Pods_RxSwiftBiliBili.framework */; };
		E16C0C87F652F5D4637A0A52 /* Pods_RxSwiftBiliBili_RxSwiftBiliBiliUITests.framework in Frameworks */ = {isa = PBXBuildFile; fileRef = 3F40117F35D7FC0A5ABC3EE6 /* Pods_RxSwiftBiliBili_RxSwiftBiliBiliUITests.framework */; };
/* End PBXBuildFile section */

/* Begin PBXContainerItemProxy section */
		C28F495A240E55AB005D9C86 /* PBXContainerItemProxy */ = {
			isa = PBXContainerItemProxy;
			containerPortal = C28F493B240E55A8005D9C86 /* Project object */;
			proxyType = 1;
			remoteGlobalIDString = C28F4942240E55A8005D9C86;
			remoteInfo = RxSwiftBiliBili;
		};
		C28F4965240E55AB005D9C86 /* PBXContainerItemProxy */ = {
			isa = PBXContainerItemProxy;
			containerPortal = C28F493B240E55A8005D9C86 /* Project object */;
			proxyType = 1;
			remoteGlobalIDString = C28F4942240E55A8005D9C86;
			remoteInfo = RxSwiftBiliBili;
		};
/* End PBXContainerItemProxy section */

/* Begin PBXFileReference section */
		00C0DFF6A551A47B2B7C631D /* Pods-RxSwiftBiliBili.release.xcconfig */ = {isa = PBXFileReference; includeInIndex = 1; lastKnownFileType = text.xcconfig; name = "Pods-RxSwiftBiliBili.release.xcconfig"; path = "Target Support Files/Pods-RxSwiftBiliBili/Pods-RxSwiftBiliBili.release.xcconfig"; sourceTree = "<group>"; };
		2DF53DA77C2F37E298B2C9A5 /* Pods-RxSwiftBiliBili-RxSwiftBiliBiliUITests.release.xcconfig */ = {isa = PBXFileReference; includeInIndex = 1; lastKnownFileType = text.xcconfig; name = "Pods-RxSwiftBiliBili-RxSwiftBiliBiliUITests.release.xcconfig"; path = "Target Support Files/Pods-RxSwiftBiliBili-RxSwiftBiliBiliUITests/Pods-RxSwiftBiliBili-RxSwiftBiliBiliUITests.release.xcconfig"; sourceTree = "<group>"; };
		3A2253D9F987B4A05CB70460 /* Pods-RxSwiftBiliBili.debug.xcconfig */ = {isa = PBXFileReference; includeInIndex = 1; lastKnownFileType = text.xcconfig; name = "Pods-RxSwiftBiliBili.debug.xcconfig"; path = "Target Support Files/Pods-RxSwiftBiliBili/Pods-RxSwiftBiliBili.debug.xcconfig"; sourceTree = "<group>"; };
		3F40117F35D7FC0A5ABC3EE6 /* Pods_RxSwiftBiliBili_RxSwiftBiliBiliUITests.framework */ = {isa = PBXFileReference; explicitFileType = wrapper.framework; includeInIndex = 0; path = Pods_RxSwiftBiliBili_RxSwiftBiliBiliUITests.framework; sourceTree = BUILT_PRODUCTS_DIR; };
		4590677B4BE3581E6DBE3DD7 /* Pods-RxSwiftBiliBili-RxSwiftBiliBiliUITests.debug.xcconfig */ = {isa = PBXFileReference; includeInIndex = 1; lastKnownFileType = text.xcconfig; name = "Pods-RxSwiftBiliBili-RxSwiftBiliBiliUITests.debug.xcconfig"; path = "Target Support Files/Pods-RxSwiftBiliBili-RxSwiftBiliBiliUITests/Pods-RxSwiftBiliBili-RxSwiftBiliBiliUITests.debug.xcconfig"; sourceTree = "<group>"; };
		61B5550DF5F71DC3A4A00190 /* Pods_RxSwiftBiliBili.framework */ = {isa = PBXFileReference; explicitFileType = wrapper.framework; includeInIndex = 0; path = Pods_RxSwiftBiliBili.framework; sourceTree = BUILT_PRODUCTS_DIR; };
		920C2407C84C02ED580BC80A /* Pods-RxSwiftBiliBiliTests.debug.xcconfig */ = {isa = PBXFileReference; includeInIndex = 1; lastKnownFileType = text.xcconfig; name = "Pods-RxSwiftBiliBiliTests.debug.xcconfig"; path = "Target Support Files/Pods-RxSwiftBiliBiliTests/Pods-RxSwiftBiliBiliTests.debug.xcconfig"; sourceTree = "<group>"; };
		938967F992BC275DACD3932D /* Pods_RxSwiftBiliBiliTests.framework */ = {isa = PBXFileReference; explicitFileType = wrapper.framework; includeInIndex = 0; path = Pods_RxSwiftBiliBiliTests.framework; sourceTree = BUILT_PRODUCTS_DIR; };
		C265A7AD240F878000A5D369 /* PeopleVC.xib */ = {isa = PBXFileReference; lastKnownFileType = file.xib; path = PeopleVC.xib; sourceTree = "<group>"; };
		C265A7B0240FACF300A5D369 /* ObservableVC.swift */ = {isa = PBXFileReference; lastKnownFileType = sourcecode.swift; path = ObservableVC.swift; sourceTree = "<group>"; };
		C265A7B2240FAD0200A5D369 /* ObservableVC.xib */ = {isa = PBXFileReference; lastKnownFileType = file.xib; path = ObservableVC.xib; sourceTree = "<group>"; };
		C26EAE7924122AC30007C129 /* DoOnVC.swift */ = {isa = PBXFileReference; lastKnownFileType = sourcecode.swift; path = DoOnVC.swift; sourceTree = "<group>"; };
		C26EAE7C241238F50007C129 /* DisposeVC.swift */ = {isa = PBXFileReference; lastKnownFileType = sourcecode.swift; path = DisposeVC.swift; sourceTree = "<group>"; };
		C28F4943240E55A8005D9C86 /* RxSwiftBiliBili.app */ = {isa = PBXFileReference; explicitFileType = wrapper.application; includeInIndex = 0; path = RxSwiftBiliBili.app; sourceTree = BUILT_PRODUCTS_DIR; };
		C28F4946240E55A8005D9C86 /* AppDelegate.swift */ = {isa = PBXFileReference; lastKnownFileType = sourcecode.swift; path = AppDelegate.swift; sourceTree = "<group>"; };
		C28F4948240E55A8005D9C86 /* SceneDelegate.swift */ = {isa = PBXFileReference; lastKnownFileType = sourcecode.swift; path = SceneDelegate.swift; sourceTree = "<group>"; };
		C28F494A240E55A8005D9C86 /* ViewController.swift */ = {isa = PBXFileReference; lastKnownFileType = sourcecode.swift; path = ViewController.swift; sourceTree = "<group>"; };
		C28F494D240E55A8005D9C86 /* Base */ = {isa = PBXFileReference; lastKnownFileType = file.storyboard; name = Base; path = Base.lproj/Main.storyboard; sourceTree = "<group>"; };
		C28F494F240E55AB005D9C86 /* Assets.xcassets */ = {isa = PBXFileReference; lastKnownFileType = folder.assetcatalog; path = Assets.xcassets; sourceTree = "<group>"; };
		C28F4952240E55AB005D9C86 /* Base */ = {isa = PBXFileReference; lastKnownFileType = file.storyboard; name = Base; path = Base.lproj/LaunchScreen.storyboard; sourceTree = "<group>"; };
		C28F4954240E55AB005D9C86 /* Info.plist */ = {isa = PBXFileReference; lastKnownFileType = text.plist.xml; path = Info.plist; sourceTree = "<group>"; };
		C28F4959240E55AB005D9C86 /* RxSwiftBiliBiliTests.xctest */ = {isa = PBXFileReference; explicitFileType = wrapper.cfbundle; includeInIndex = 0; path = RxSwiftBiliBiliTests.xctest; sourceTree = BUILT_PRODUCTS_DIR; };
		C28F495D240E55AB005D9C86 /* RxSwiftBiliBiliTests.swift */ = {isa = PBXFileReference; lastKnownFileType = sourcecode.swift; path = RxSwiftBiliBiliTests.swift; sourceTree = "<group>"; };
		C28F495F240E55AB005D9C86 /* Info.plist */ = {isa = PBXFileReference; lastKnownFileType = text.plist.xml; path = Info.plist; sourceTree = "<group>"; };
		C28F4964240E55AB005D9C86 /* RxSwiftBiliBiliUITests.xctest */ = {isa = PBXFileReference; explicitFileType = wrapper.cfbundle; includeInIndex = 0; path = RxSwiftBiliBiliUITests.xctest; sourceTree = BUILT_PRODUCTS_DIR; };
		C28F4968240E55AB005D9C86 /* RxSwiftBiliBiliUITests.swift */ = {isa = PBXFileReference; lastKnownFileType = sourcecode.swift; path = RxSwiftBiliBiliUITests.swift; sourceTree = "<group>"; };
		C28F496A240E55AB005D9C86 /* Info.plist */ = {isa = PBXFileReference; lastKnownFileType = text.plist.xml; path = Info.plist; sourceTree = "<group>"; };
		C28F4977240E59D5005D9C86 /* PeopleModel.swift */ = {isa = PBXFileReference; lastKnownFileType = sourcecode.swift; path = PeopleModel.swift; sourceTree = "<group>"; };
		C28F497B240E59F1005D9C86 /* PeopleViewModel.swift */ = {isa = PBXFileReference; lastKnownFileType = sourcecode.swift; path = PeopleViewModel.swift; sourceTree = "<group>"; };
		C28F497F240E5B1D005D9C86 /* PeopleVC.swift */ = {isa = PBXFileReference; lastKnownFileType = sourcecode.swift; path = PeopleVC.swift; sourceTree = "<group>"; };
		CF4B050030AA0078058A34C8 /* Pods-RxSwiftBiliBiliTests.release.xcconfig */ = {isa = PBXFileReference; includeInIndex = 1; lastKnownFileType = text.xcconfig; name = "Pods-RxSwiftBiliBiliTests.release.xcconfig"; path = "Target Support Files/Pods-RxSwiftBiliBiliTests/Pods-RxSwiftBiliBiliTests.release.xcconfig"; sourceTree = "<group>"; };
/* End PBXFileReference section */

/* Begin PBXFrameworksBuildPhase section */
		C28F4940240E55A8005D9C86 /* Frameworks */ = {
			isa = PBXFrameworksBuildPhase;
			buildActionMask = 2147483647;
			files = (
				C32581798950C69B2A6979B6 /* Pods_RxSwiftBiliBili.framework in Frameworks */,
			);
			runOnlyForDeploymentPostprocessing = 0;
		};
		C28F4956240E55AB005D9C86 /* Frameworks */ = {
			isa = PBXFrameworksBuildPhase;
			buildActionMask = 2147483647;
			files = (
				B1E31F43AFC8AA2F9B910A9E /* Pods_RxSwiftBiliBiliTests.framework in Frameworks */,
			);
			runOnlyForDeploymentPostprocessing = 0;
		};
		C28F4961240E55AB005D9C86 /* Frameworks */ = {
			isa = PBXFrameworksBuildPhase;
			buildActionMask = 2147483647;
			files = (
				E16C0C87F652F5D4637A0A52 /* Pods_RxSwiftBiliBili_RxSwiftBiliBiliUITests.framework in Frameworks */,
			);
			runOnlyForDeploymentPostprocessing = 0;
		};
/* End PBXFrameworksBuildPhase section */

/* Begin PBXGroup section */
		6071A906CF06552AA542AB58 /* Frameworks */ = {
			isa = PBXGroup;
			children = (
				61B5550DF5F71DC3A4A00190 /* Pods_RxSwiftBiliBili.framework */,
				3F40117F35D7FC0A5ABC3EE6 /* Pods_RxSwiftBiliBili_RxSwiftBiliBiliUITests.framework */,
				938967F992BC275DACD3932D /* Pods_RxSwiftBiliBiliTests.framework */,
			);
			name = Frameworks;
			sourceTree = "<group>";
		};
		C265A7AF240FACCF00A5D369 /* Observable */ = {
			isa = PBXGroup;
			children = (
				C265A7B0240FACF300A5D369 /* ObservableVC.swift */,
				C265A7B2240FAD0200A5D369 /* ObservableVC.xib */,
			);
			path = Observable;
			sourceTree = "<group>";
		};
		C26EAE7824122AB30007C129 /* DoOn */ = {
			isa = PBXGroup;
			children = (
				C26EAE7924122AC30007C129 /* DoOnVC.swift */,
			);
			path = DoOn;
			sourceTree = "<group>";
		};
		C26EAE7B241238E40007C129 /* Dispose */ = {
			isa = PBXGroup;
			children = (
				C26EAE7C241238F50007C129 /* DisposeVC.swift */,
			);
			path = Dispose;
			sourceTree = "<group>";
		};
		C28F493A240E55A8005D9C86 = {
			isa = PBXGroup;
			children = (
				C28F4945240E55A8005D9C86 /* RxSwiftBiliBili */,
				C28F495C240E55AB005D9C86 /* RxSwiftBiliBiliTests */,
				C28F4967240E55AB005D9C86 /* RxSwiftBiliBiliUITests */,
				C28F4944240E55A8005D9C86 /* Products */,
				E0928364BB0BF39D1A7B4F7F /* Pods */,
				6071A906CF06552AA542AB58 /* Frameworks */,
			);
			sourceTree = "<group>";
		};
		C28F4944240E55A8005D9C86 /* Products */ = {
			isa = PBXGroup;
			children = (
				C28F4943240E55A8005D9C86 /* RxSwiftBiliBili.app */,
				C28F4959240E55AB005D9C86 /* RxSwiftBiliBiliTests.xctest */,
				C28F4964240E55AB005D9C86 /* RxSwiftBiliBiliUITests.xctest */,
			);
			name = Products;
			sourceTree = "<group>";
		};
		C28F4945240E55A8005D9C86 /* RxSwiftBiliBili */ = {
			isa = PBXGroup;
			children = (
				C26EAE7B241238E40007C129 /* Dispose */,
				C28F4976240E59AF005D9C86 /* People */,
				C265A7AF240FACCF00A5D369 /* Observable */,
				C26EAE7824122AB30007C129 /* DoOn */,
				C28F4946240E55A8005D9C86 /* AppDelegate.swift */,
				C28F4948240E55A8005D9C86 /* SceneDelegate.swift */,
				C28F494A240E55A8005D9C86 /* ViewController.swift */,
				C28F494C240E55A8005D9C86 /* Main.storyboard */,
				C28F494F240E55AB005D9C86 /* Assets.xcassets */,
				C28F4951240E55AB005D9C86 /* LaunchScreen.storyboard */,
				C28F4954240E55AB005D9C86 /* Info.plist */,
			);
			path = RxSwiftBiliBili;
			sourceTree = "<group>";
		};
		C28F495C240E55AB005D9C86 /* RxSwiftBiliBiliTests */ = {
			isa = PBXGroup;
			children = (
				C28F495D240E55AB005D9C86 /* RxSwiftBiliBiliTests.swift */,
				C28F495F240E55AB005D9C86 /* Info.plist */,
			);
			path = RxSwiftBiliBiliTests;
			sourceTree = "<group>";
		};
		C28F4967240E55AB005D9C86 /* RxSwiftBiliBiliUITests */ = {
			isa = PBXGroup;
			children = (
				C28F4968240E55AB005D9C86 /* RxSwiftBiliBiliUITests.swift */,
				C28F496A240E55AB005D9C86 /* Info.plist */,
			);
			path = RxSwiftBiliBiliUITests;
			sourceTree = "<group>";
		};
		C28F4976240E59AF005D9C86 /* People */ = {
			isa = PBXGroup;
			children = (
				C28F4977240E59D5005D9C86 /* PeopleModel.swift */,
				C28F497B240E59F1005D9C86 /* PeopleViewModel.swift */,
				C28F497F240E5B1D005D9C86 /* PeopleVC.swift */,
				C265A7AD240F878000A5D369 /* PeopleVC.xib */,
			);
			path = People;
			sourceTree = "<group>";
		};
		E0928364BB0BF39D1A7B4F7F /* Pods */ = {
			isa = PBXGroup;
			children = (
				3A2253D9F987B4A05CB70460 /* Pods-RxSwiftBiliBili.debug.xcconfig */,
				00C0DFF6A551A47B2B7C631D /* Pods-RxSwiftBiliBili.release.xcconfig */,
				4590677B4BE3581E6DBE3DD7 /* Pods-RxSwiftBiliBili-RxSwiftBiliBiliUITests.debug.xcconfig */,
				2DF53DA77C2F37E298B2C9A5 /* Pods-RxSwiftBiliBili-RxSwiftBiliBiliUITests.release.xcconfig */,
				920C2407C84C02ED580BC80A /* Pods-RxSwiftBiliBiliTests.debug.xcconfig */,
				CF4B050030AA0078058A34C8 /* Pods-RxSwiftBiliBiliTests.release.xcconfig */,
			);
			path = Pods;
			sourceTree = "<group>";
		};
/* End PBXGroup section */

/* Begin PBXNativeTarget section */
		C28F4942240E55A8005D9C86 /* RxSwiftBiliBili */ = {
			isa = PBXNativeTarget;
			buildConfigurationList = C28F496D240E55AB005D9C86 /* Build configuration list for PBXNativeTarget "RxSwiftBiliBili" */;
			buildPhases = (
				2392D3682E64622D5FE21199 /* [CP] Check Pods Manifest.lock */,
				C28F493F240E55A8005D9C86 /* Sources */,
				C28F4940240E55A8005D9C86 /* Frameworks */,
				C28F4941240E55A8005D9C86 /* Resources */,
				4AB17E4301842E3FFC6C9FFE /* [CP] Embed Pods Frameworks */,
			);
			buildRules = (
			);
			dependencies = (
			);
			name = RxSwiftBiliBili;
			productName = RxSwiftBiliBili;
			productReference = C28F4943240E55A8005D9C86 /* RxSwiftBiliBili.app */;
			productType = "com.apple.product-type.application";
		};
		C28F4958240E55AB005D9C86 /* RxSwiftBiliBiliTests */ = {
			isa = PBXNativeTarget;
			buildConfigurationList = C28F4970240E55AB005D9C86 /* Build configuration list for PBXNativeTarget "RxSwiftBiliBiliTests" */;
			buildPhases = (
				455CB519411168EBA593A45C /* [CP] Check Pods Manifest.lock */,
				C28F4955240E55AB005D9C86 /* Sources */,
				C28F4956240E55AB005D9C86 /* Frameworks */,
				C28F4957240E55AB005D9C86 /* Resources */,
			);
			buildRules = (
			);
			dependencies = (
				C28F495B240E55AB005D9C86 /* PBXTargetDependency */,
			);
			name = RxSwiftBiliBiliTests;
			productName = RxSwiftBiliBiliTests;
			productReference = C28F4959240E55AB005D9C86 /* RxSwiftBiliBiliTests.xctest */;
			productType = "com.apple.product-type.bundle.unit-test";
		};
		C28F4963240E55AB005D9C86 /* RxSwiftBiliBiliUITests */ = {
			isa = PBXNativeTarget;
			buildConfigurationList = C28F4973240E55AB005D9C86 /* Build configuration list for PBXNativeTarget "RxSwiftBiliBiliUITests" */;
			buildPhases = (
				6E1BDFE679E6EAE0DDC4574B /* [CP] Check Pods Manifest.lock */,
				C28F4960240E55AB005D9C86 /* Sources */,
				C28F4961240E55AB005D9C86 /* Frameworks */,
				C28F4962240E55AB005D9C86 /* Resources */,
				19C4A7DBBC75BD014D244ACF /* [CP] Embed Pods Frameworks */,
			);
			buildRules = (
			);
			dependencies = (
				C28F4966240E55AB005D9C86 /* PBXTargetDependency */,
			);
			name = RxSwiftBiliBiliUITests;
			productName = RxSwiftBiliBiliUITests;
			productReference = C28F4964240E55AB005D9C86 /* RxSwiftBiliBiliUITests.xctest */;
			productType = "com.apple.product-type.bundle.ui-testing";
		};
/* End PBXNativeTarget section */

/* Begin PBXProject section */
		C28F493B240E55A8005D9C86 /* Project object */ = {
			isa = PBXProject;
			attributes = {
				CLASSPREFIX = YL;
				LastSwiftUpdateCheck = 1110;
				LastUpgradeCheck = 1110;
				ORGANIZATIONNAME = hautu;
				TargetAttributes = {
					C28F4942240E55A8005D9C86 = {
						CreatedOnToolsVersion = 11.1;
					};
					C28F4958240E55AB005D9C86 = {
						CreatedOnToolsVersion = 11.1;
						TestTargetID = C28F4942240E55A8005D9C86;
					};
					C28F4963240E55AB005D9C86 = {
						CreatedOnToolsVersion = 11.1;
						TestTargetID = C28F4942240E55A8005D9C86;
					};
				};
			};
			buildConfigurationList = C28F493E240E55A8005D9C86 /* Build configuration list for PBXProject "RxSwiftBiliBili" */;
			compatibilityVersion = "Xcode 9.3";
			developmentRegion = en;
			hasScannedForEncodings = 0;
			knownRegions = (
				en,
				Base,
			);
			mainGroup = C28F493A240E55A8005D9C86;
			productRefGroup = C28F4944240E55A8005D9C86 /* Products */;
			projectDirPath = "";
			projectRoot = "";
			targets = (
				C28F4942240E55A8005D9C86 /* RxSwiftBiliBili */,
				C28F4958240E55AB005D9C86 /* RxSwiftBiliBiliTests */,
				C28F4963240E55AB005D9C86 /* RxSwiftBiliBiliUITests */,
			);
		};
/* End PBXProject section */

/* Begin PBXResourcesBuildPhase section */
		C28F4941240E55A8005D9C86 /* Resources */ = {
			isa = PBXResourcesBuildPhase;
			buildActionMask = 2147483647;
			files = (
				C28F4953240E55AB005D9C86 /* LaunchScreen.storyboard in Resources */,
				C28F4950240E55AB005D9C86 /* Assets.xcassets in Resources */,
				C28F494E240E55A8005D9C86 /* Main.storyboard in Resources */,
				C265A7AE240F878000A5D369 /* PeopleVC.xib in Resources */,
				C265A7B3240FAD0200A5D369 /* ObservableVC.xib in Resources */,
			);
			runOnlyForDeploymentPostprocessing = 0;
		};
		C28F4957240E55AB005D9C86 /* Resources */ = {
			isa = PBXResourcesBuildPhase;
			buildActionMask = 2147483647;
			files = (
			);
			runOnlyForDeploymentPostprocessing = 0;
		};
		C28F4962240E55AB005D9C86 /* Resources */ = {
			isa = PBXResourcesBuildPhase;
			buildActionMask = 2147483647;
			files = (
			);
			runOnlyForDeploymentPostprocessing = 0;
		};
/* End PBXResourcesBuildPhase section */

/* Begin PBXShellScriptBuildPhase section */
		19C4A7DBBC75BD014D244ACF /* [CP] Embed Pods Frameworks */ = {
			isa = PBXShellScriptBuildPhase;
			buildActionMask = 2147483647;
			files = (
			);
			inputFileListPaths = (
				"${PODS_ROOT}/Target Support Files/Pods-RxSwiftBiliBili-RxSwiftBiliBiliUITests/Pods-RxSwiftBiliBili-RxSwiftBiliBiliUITests-frameworks-${CONFIGURATION}-input-files.xcfilelist",
			);
			name = "[CP] Embed Pods Frameworks";
			outputFileListPaths = (
				"${PODS_ROOT}/Target Support Files/Pods-RxSwiftBiliBili-RxSwiftBiliBiliUITests/Pods-RxSwiftBiliBili-RxSwiftBiliBiliUITests-frameworks-${CONFIGURATION}-output-files.xcfilelist",
			);
			runOnlyForDeploymentPostprocessing = 0;
			shellPath = /bin/sh;
			shellScript = "\"${PODS_ROOT}/Target Support Files/Pods-RxSwiftBiliBili-RxSwiftBiliBiliUITests/Pods-RxSwiftBiliBili-RxSwiftBiliBiliUITests-frameworks.sh\"\n";
			showEnvVarsInLog = 0;
		};
		2392D3682E64622D5FE21199 /* [CP] Check Pods Manifest.lock */ = {
			isa = PBXShellScriptBuildPhase;
			buildActionMask = 2147483647;
			files = (
			);
			inputFileListPaths = (
			);
			inputPaths = (
				"${PODS_PODFILE_DIR_PATH}/Podfile.lock",
				"${PODS_ROOT}/Manifest.lock",
			);
			name = "[CP] Check Pods Manifest.lock";
			outputFileListPaths = (
			);
			outputPaths = (
				"$(DERIVED_FILE_DIR)/Pods-RxSwiftBiliBili-checkManifestLockResult.txt",
			);
			runOnlyForDeploymentPostprocessing = 0;
			shellPath = /bin/sh;
			shellScript = "diff \"${PODS_PODFILE_DIR_PATH}/Podfile.lock\" \"${PODS_ROOT}/Manifest.lock\" > /dev/null\nif [ $? != 0 ] ; then\n    # print error to STDERR\n    echo \"error: The sandbox is not in sync with the Podfile.lock. Run 'pod install' or update your CocoaPods installation.\" >&2\n    exit 1\nfi\n# This output is used by Xcode 'outputs' to avoid re-running this script phase.\necho \"SUCCESS\" > \"${SCRIPT_OUTPUT_FILE_0}\"\n";
			showEnvVarsInLog = 0;
		};
		455CB519411168EBA593A45C /* [CP] Check Pods Manifest.lock */ = {
			isa = PBXShellScriptBuildPhase;
			buildActionMask = 2147483647;
			files = (
			);
			inputFileListPaths = (
			);
			inputPaths = (
				"${PODS_PODFILE_DIR_PATH}/Podfile.lock",
				"${PODS_ROOT}/Manifest.lock",
			);
			name = "[CP] Check Pods Manifest.lock";
			outputFileListPaths = (
			);
			outputPaths = (
				"$(DERIVED_FILE_DIR)/Pods-RxSwiftBiliBiliTests-checkManifestLockResult.txt",
			);
			runOnlyForDeploymentPostprocessing = 0;
			shellPath = /bin/sh;
			shellScript = "diff \"${PODS_PODFILE_DIR_PATH}/Podfile.lock\" \"${PODS_ROOT}/Manifest.lock\" > /dev/null\nif [ $? != 0 ] ; then\n    # print error to STDERR\n    echo \"error: The sandbox is not in sync with the Podfile.lock. Run 'pod install' or update your CocoaPods installation.\" >&2\n    exit 1\nfi\n# This output is used by Xcode 'outputs' to avoid re-running this script phase.\necho \"SUCCESS\" > \"${SCRIPT_OUTPUT_FILE_0}\"\n";
			showEnvVarsInLog = 0;
		};
		4AB17E4301842E3FFC6C9FFE /* [CP] Embed Pods Frameworks */ = {
			isa = PBXShellScriptBuildPhase;
			buildActionMask = 2147483647;
			files = (
			);
			inputFileListPaths = (
				"${PODS_ROOT}/Target Support Files/Pods-RxSwiftBiliBili/Pods-RxSwiftBiliBili-frameworks-${CONFIGURATION}-input-files.xcfilelist",
			);
			name = "[CP] Embed Pods Frameworks";
			outputFileListPaths = (
				"${PODS_ROOT}/Target Support Files/Pods-RxSwiftBiliBili/Pods-RxSwiftBiliBili-frameworks-${CONFIGURATION}-output-files.xcfilelist",
			);
			runOnlyForDeploymentPostprocessing = 0;
			shellPath = /bin/sh;
			shellScript = "\"${PODS_ROOT}/Target Support Files/Pods-RxSwiftBiliBili/Pods-RxSwiftBiliBili-frameworks.sh\"\n";
			showEnvVarsInLog = 0;
		};
		6E1BDFE679E6EAE0DDC4574B /* [CP] Check Pods Manifest.lock */ = {
			isa = PBXShellScriptBuildPhase;
			buildActionMask = 2147483647;
			files = (
			);
			inputFileListPaths = (
			);
			inputPaths = (
				"${PODS_PODFILE_DIR_PATH}/Podfile.lock",
				"${PODS_ROOT}/Manifest.lock",
			);
			name = "[CP] Check Pods Manifest.lock";
			outputFileListPaths = (
			);
			outputPaths = (
				"$(DERIVED_FILE_DIR)/Pods-RxSwiftBiliBili-RxSwiftBiliBiliUITests-checkManifestLockResult.txt",
			);
			runOnlyForDeploymentPostprocessing = 0;
			shellPath = /bin/sh;
			shellScript = "diff \"${PODS_PODFILE_DIR_PATH}/Podfile.lock\" \"${PODS_ROOT}/Manifest.lock\" > /dev/null\nif [ $? != 0 ] ; then\n    # print error to STDERR\n    echo \"error: The sandbox is not in sync with the Podfile.lock. Run 'pod install' or update your CocoaPods installation.\" >&2\n    exit 1\nfi\n# This output is used by Xcode 'outputs' to avoid re-running this script phase.\necho \"SUCCESS\" > \"${SCRIPT_OUTPUT_FILE_0}\"\n";
			showEnvVarsInLog = 0;
		};
/* End PBXShellScriptBuildPhase section */

/* Begin PBXSourcesBuildPhase section */
		C28F493F240E55A8005D9C86 /* Sources */ = {
			isa = PBXSourcesBuildPhase;
			buildActionMask = 2147483647;
			files = (
				C26EAE7A24122AC40007C129 /* DoOnVC.swift in Sources */,
				C28F494B240E55A8005D9C86 /* ViewController.swift in Sources */,
				C26EAE7D241238F50007C129 /* DisposeVC.swift in Sources */,
				C265A7B1240FACF300A5D369 /* ObservableVC.swift in Sources */,
				C28F497C240E59F1005D9C86 /* PeopleViewModel.swift in Sources */,
				C28F4947240E55A8005D9C86 /* AppDelegate.swift in Sources */,
				C28F4978240E59D5005D9C86 /* PeopleModel.swift in Sources */,
				C28F4980240E5B1D005D9C86 /* PeopleVC.swift in Sources */,
				C28F4949240E55A8005D9C86 /* SceneDelegate.swift in Sources */,
			);
			runOnlyForDeploymentPostprocessing = 0;
		};
		C28F4955240E55AB005D9C86 /* Sources */ = {
			isa = PBXSourcesBuildPhase;
			buildActionMask = 2147483647;
			files = (
				C28F495E240E55AB005D9C86 /* RxSwiftBiliBiliTests.swift in Sources */,
			);
			runOnlyForDeploymentPostprocessing = 0;
		};
		C28F4960240E55AB005D9C86 /* Sources */ = {
			isa = PBXSourcesBuildPhase;
			buildActionMask = 2147483647;
			files = (
				C28F4969240E55AB005D9C86 /* RxSwiftBiliBiliUITests.swift in Sources */,
			);
			runOnlyForDeploymentPostprocessing = 0;
		};
/* End PBXSourcesBuildPhase section */

/* Begin PBXTargetDependency section */
		C28F495B240E55AB005D9C86 /* PBXTargetDependency */ = {
			isa = PBXTargetDependency;
			target = C28F4942240E55A8005D9C86 /* RxSwiftBiliBili */;
			targetProxy = C28F495A240E55AB005D9C86 /* PBXContainerItemProxy */;
		};
		C28F4966240E55AB005D9C86 /* PBXTargetDependency */ = {
			isa = PBXTargetDependency;
			target = C28F4942240E55A8005D9C86 /* RxSwiftBiliBili */;
			targetProxy = C28F4965240E55AB005D9C86 /* PBXContainerItemProxy */;
		};
/* End PBXTargetDependency section */

/* Begin PBXVariantGroup section */
		C28F494C240E55A8005D9C86 /* Main.storyboard */ = {
			isa = PBXVariantGroup;
			children = (
				C28F494D240E55A8005D9C86 /* Base */,
			);
			name = Main.storyboard;
			sourceTree = "<group>";
		};
		C28F4951240E55AB005D9C86 /* LaunchScreen.storyboard */ = {
			isa = PBXVariantGroup;
			children = (
				C28F4952240E55AB005D9C86 /* Base */,
			);
			name = LaunchScreen.storyboard;
			sourceTree = "<group>";
		};
/* End PBXVariantGroup section */

/* Begin XCBuildConfiguration section */
		C28F496B240E55AB005D9C86 /* Debug */ = {
			isa = XCBuildConfiguration;
			buildSettings = {
				ALWAYS_SEARCH_USER_PATHS = NO;
				CLANG_ANALYZER_NONNULL = YES;
				CLANG_ANALYZER_NUMBER_OBJECT_CONVERSION = YES_AGGRESSIVE;
				CLANG_CXX_LANGUAGE_STANDARD = "gnu++14";
				CLANG_CXX_LIBRARY = "libc++";
				CLANG_ENABLE_MODULES = YES;
				CLANG_ENABLE_OBJC_ARC = YES;
				CLANG_ENABLE_OBJC_WEAK = YES;
				CLANG_WARN_BLOCK_CAPTURE_AUTORELEASING = YES;
				CLANG_WARN_BOOL_CONVERSION = YES;
				CLANG_WARN_COMMA = YES;
				CLANG_WARN_CONSTANT_CONVERSION = YES;
				CLANG_WARN_DEPRECATED_OBJC_IMPLEMENTATIONS = YES;
				CLANG_WARN_DIRECT_OBJC_ISA_USAGE = YES_ERROR;
				CLANG_WARN_DOCUMENTATION_COMMENTS = YES;
				CLANG_WARN_EMPTY_BODY = YES;
				CLANG_WARN_ENUM_CONVERSION = YES;
				CLANG_WARN_INFINITE_RECURSION = YES;
				CLANG_WARN_INT_CONVERSION = YES;
				CLANG_WARN_NON_LITERAL_NULL_CONVERSION = YES;
				CLANG_WARN_OBJC_IMPLICIT_RETAIN_SELF = YES;
				CLANG_WARN_OBJC_LITERAL_CONVERSION = YES;
				CLANG_WARN_OBJC_ROOT_CLASS = YES_ERROR;
				CLANG_WARN_RANGE_LOOP_ANALYSIS = YES;
				CLANG_WARN_STRICT_PROTOTYPES = YES;
				CLANG_WARN_SUSPICIOUS_MOVE = YES;
				CLANG_WARN_UNGUARDED_AVAILABILITY = YES_AGGRESSIVE;
				CLANG_WARN_UNREACHABLE_CODE = YES;
				CLANG_WARN__DUPLICATE_METHOD_MATCH = YES;
				COPY_PHASE_STRIP = NO;
				DEBUG_INFORMATION_FORMAT = dwarf;
				ENABLE_STRICT_OBJC_MSGSEND = YES;
				ENABLE_TESTABILITY = YES;
				GCC_C_LANGUAGE_STANDARD = gnu11;
				GCC_DYNAMIC_NO_PIC = NO;
				GCC_NO_COMMON_BLOCKS = YES;
				GCC_OPTIMIZATION_LEVEL = 0;
				GCC_PREPROCESSOR_DEFINITIONS = (
					"DEBUG=1",
					"$(inherited)",
				);
				GCC_WARN_64_TO_32_BIT_CONVERSION = YES;
				GCC_WARN_ABOUT_RETURN_TYPE = YES_ERROR;
				GCC_WARN_UNDECLARED_SELECTOR = YES;
				GCC_WARN_UNINITIALIZED_AUTOS = YES_AGGRESSIVE;
				GCC_WARN_UNUSED_FUNCTION = YES;
				GCC_WARN_UNUSED_VARIABLE = YES;
				IPHONEOS_DEPLOYMENT_TARGET = 13.1;
				MTL_ENABLE_DEBUG_INFO = INCLUDE_SOURCE;
				MTL_FAST_MATH = YES;
				ONLY_ACTIVE_ARCH = YES;
				SDKROOT = iphoneos;
				SWIFT_ACTIVE_COMPILATION_CONDITIONS = DEBUG;
				SWIFT_OPTIMIZATION_LEVEL = "-Onone";
			};
			name = Debug;
		};
		C28F496C240E55AB005D9C86 /* Release */ = {
			isa = XCBuildConfiguration;
			buildSettings = {
				ALWAYS_SEARCH_USER_PATHS = NO;
				CLANG_ANALYZER_NONNULL = YES;
				CLANG_ANALYZER_NUMBER_OBJECT_CONVERSION = YES_AGGRESSIVE;
				CLANG_CXX_LANGUAGE_STANDARD = "gnu++14";
				CLANG_CXX_LIBRARY = "libc++";
				CLANG_ENABLE_MODULES = YES;
				CLANG_ENABLE_OBJC_ARC = YES;
				CLANG_ENABLE_OBJC_WEAK = YES;
				CLANG_WARN_BLOCK_CAPTURE_AUTORELEASING = YES;
				CLANG_WARN_BOOL_CONVERSION = YES;
				CLANG_WARN_COMMA = YES;
				CLANG_WARN_CONSTANT_CONVERSION = YES;
				CLANG_WARN_DEPRECATED_OBJC_IMPLEMENTATIONS = YES;
				CLANG_WARN_DIRECT_OBJC_ISA_USAGE = YES_ERROR;
				CLANG_WARN_DOCUMENTATION_COMMENTS = YES;
				CLANG_WARN_EMPTY_BODY = YES;
				CLANG_WARN_ENUM_CONVERSION = YES;
				CLANG_WARN_INFINITE_RECURSION = YES;
				CLANG_WARN_INT_CONVERSION = YES;
				CLANG_WARN_NON_LITERAL_NULL_CONVERSION = YES;
				CLANG_WARN_OBJC_IMPLICIT_RETAIN_SELF = YES;
				CLANG_WARN_OBJC_LITERAL_CONVERSION = YES;
				CLANG_WARN_OBJC_ROOT_CLASS = YES_ERROR;
				CLANG_WARN_RANGE_LOOP_ANALYSIS = YES;
				CLANG_WARN_STRICT_PROTOTYPES = YES;
				CLANG_WARN_SUSPICIOUS_MOVE = YES;
				CLANG_WARN_UNGUARDED_AVAILABILITY = YES_AGGRESSIVE;
				CLANG_WARN_UNREACHABLE_CODE = YES;
				CLANG_WARN__DUPLICATE_METHOD_MATCH = YES;
				COPY_PHASE_STRIP = NO;
				DEBUG_INFORMATION_FORMAT = "dwarf-with-dsym";
				ENABLE_NS_ASSERTIONS = NO;
				ENABLE_STRICT_OBJC_MSGSEND = YES;
				GCC_C_LANGUAGE_STANDARD = gnu11;
				GCC_NO_COMMON_BLOCKS = YES;
				GCC_WARN_64_TO_32_BIT_CONVERSION = YES;
				GCC_WARN_ABOUT_RETURN_TYPE = YES_ERROR;
				GCC_WARN_UNDECLARED_SELECTOR = YES;
				GCC_WARN_UNINITIALIZED_AUTOS = YES_AGGRESSIVE;
				GCC_WARN_UNUSED_FUNCTION = YES;
				GCC_WARN_UNUSED_VARIABLE = YES;
				IPHONEOS_DEPLOYMENT_TARGET = 13.1;
				MTL_ENABLE_DEBUG_INFO = NO;
				MTL_FAST_MATH = YES;
				SDKROOT = iphoneos;
				SWIFT_COMPILATION_MODE = wholemodule;
				SWIFT_OPTIMIZATION_LEVEL = "-O";
				VALIDATE_PRODUCT = YES;
			};
			name = Release;
		};
		C28F496E240E55AB005D9C86 /* Debug */ = {
			isa = XCBuildConfiguration;
			baseConfigurationReference = 3A2253D9F987B4A05CB70460 /* Pods-RxSwiftBiliBili.debug.xcconfig */;
			buildSettings = {
				ASSETCATALOG_COMPILER_APPICON_NAME = AppIcon;
				CODE_SIGN_STYLE = Automatic;
				DEVELOPMENT_TEAM = PTUCTZC4VF;
				INFOPLIST_FILE = RxSwiftBiliBili/Info.plist;
				LD_RUNPATH_SEARCH_PATHS = (
					"$(inherited)",
					"@executable_path/Frameworks",
				);
				PRODUCT_BUNDLE_IDENTIFIER = ht.RxSwiftBiliBili;
				PRODUCT_NAME = "$(TARGET_NAME)";
				SWIFT_VERSION = 5.0;
				TARGETED_DEVICE_FAMILY = "1,2";
			};
			name = Debug;
		};
		C28F496F240E55AB005D9C86 /* Release */ = {
			isa = XCBuildConfiguration;
			baseConfigurationReference = 00C0DFF6A551A47B2B7C631D /* Pods-RxSwiftBiliBili.release.xcconfig */;
			buildSettings = {
				ASSETCATALOG_COMPILER_APPICON_NAME = AppIcon;
				CODE_SIGN_STYLE = Automatic;
				DEVELOPMENT_TEAM = PTUCTZC4VF;
				INFOPLIST_FILE = RxSwiftBiliBili/Info.plist;
				LD_RUNPATH_SEARCH_PATHS = (
					"$(inherited)",
					"@executable_path/Frameworks",
				);
				PRODUCT_BUNDLE_IDENTIFIER = ht.RxSwiftBiliBili;
				PRODUCT_NAME = "$(TARGET_NAME)";
				SWIFT_VERSION = 5.0;
				TARGETED_DEVICE_FAMILY = "1,2";
			};
			name = Release;
		};
		C28F4971240E55AB005D9C86 /* Debug */ = {
			isa = XCBuildConfiguration;
			baseConfigurationReference = 920C2407C84C02ED580BC80A /* Pods-RxSwiftBiliBiliTests.debug.xcconfig */;
			buildSettings = {
				ALWAYS_EMBED_SWIFT_STANDARD_LIBRARIES = YES;
				BUNDLE_LOADER = "$(TEST_HOST)";
				CODE_SIGN_STYLE = Automatic;
				DEVELOPMENT_TEAM = PTUCTZC4VF;
				INFOPLIST_FILE = RxSwiftBiliBiliTests/Info.plist;
				IPHONEOS_DEPLOYMENT_TARGET = 13.1;
				LD_RUNPATH_SEARCH_PATHS = (
					"$(inherited)",
					"@executable_path/Frameworks",
					"@loader_path/Frameworks",
				);
				PRODUCT_BUNDLE_IDENTIFIER = ht.RxSwiftBiliBiliTests;
				PRODUCT_NAME = "$(TARGET_NAME)";
				SWIFT_VERSION = 5.0;
				TARGETED_DEVICE_FAMILY = "1,2";
				TEST_HOST = "$(BUILT_PRODUCTS_DIR)/RxSwiftBiliBili.app/RxSwiftBiliBili";
			};
			name = Debug;
		};
		C28F4972240E55AB005D9C86 /* Release */ = {
			isa = XCBuildConfiguration;
			baseConfigurationReference = CF4B050030AA0078058A34C8 /* Pods-RxSwiftBiliBiliTests.release.xcconfig */;
			buildSettings = {
				ALWAYS_EMBED_SWIFT_STANDARD_LIBRARIES = YES;
				BUNDLE_LOADER = "$(TEST_HOST)";
				CODE_SIGN_STYLE = Automatic;
				DEVELOPMENT_TEAM = PTUCTZC4VF;
				INFOPLIST_FILE = RxSwiftBiliBiliTests/Info.plist;
				IPHONEOS_DEPLOYMENT_TARGET = 13.1;
				LD_RUNPATH_SEARCH_PATHS = (
					"$(inherited)",
					"@executable_path/Frameworks",
					"@loader_path/Frameworks",
				);
				PRODUCT_BUNDLE_IDENTIFIER = ht.RxSwiftBiliBiliTests;
				PRODUCT_NAME = "$(TARGET_NAME)";
				SWIFT_VERSION = 5.0;
				TARGETED_DEVICE_FAMILY = "1,2";
				TEST_HOST = "$(BUILT_PRODUCTS_DIR)/RxSwiftBiliBili.app/RxSwiftBiliBili";
			};
			name = Release;
		};
		C28F4974240E55AB005D9C86 /* Debug */ = {
			isa = XCBuildConfiguration;
			baseConfigurationReference = 4590677B4BE3581E6DBE3DD7 /* Pods-RxSwiftBiliBili-RxSwiftBiliBiliUITests.debug.xcconfig */;
			buildSettings = {
				ALWAYS_EMBED_SWIFT_STANDARD_LIBRARIES = YES;
				CODE_SIGN_STYLE = Automatic;
				DEVELOPMENT_TEAM = PTUCTZC4VF;
				INFOPLIST_FILE = RxSwiftBiliBiliUITests/Info.plist;
				LD_RUNPATH_SEARCH_PATHS = (
					"$(inherited)",
					"@executable_path/Frameworks",
					"@loader_path/Frameworks",
				);
				PRODUCT_BUNDLE_IDENTIFIER = ht.RxSwiftBiliBiliUITests;
				PRODUCT_NAME = "$(TARGET_NAME)";
				SWIFT_VERSION = 5.0;
				TARGETED_DEVICE_FAMILY = "1,2";
				TEST_TARGET_NAME = RxSwiftBiliBili;
			};
			name = Debug;
		};
		C28F4975240E55AB005D9C86 /* Release */ = {
			isa = XCBuildConfiguration;
			baseConfigurationReference = 2DF53DA77C2F37E298B2C9A5 /* Pods-RxSwiftBiliBili-RxSwiftBiliBiliUITests.release.xcconfig */;
			buildSettings = {
				ALWAYS_EMBED_SWIFT_STANDARD_LIBRARIES = YES;
				CODE_SIGN_STYLE = Automatic;
				DEVELOPMENT_TEAM = PTUCTZC4VF;
				INFOPLIST_FILE = RxSwiftBiliBiliUITests/Info.plist;
				LD_RUNPATH_SEARCH_PATHS = (
					"$(inherited)",
					"@executable_path/Frameworks",
					"@loader_path/Frameworks",
				);
				PRODUCT_BUNDLE_IDENTIFIER = ht.RxSwiftBiliBiliUITests;
				PRODUCT_NAME = "$(TARGET_NAME)";
				SWIFT_VERSION = 5.0;
				TARGETED_DEVICE_FAMILY = "1,2";
				TEST_TARGET_NAME = RxSwiftBiliBili;
			};
			name = Release;
		};
/* End XCBuildConfiguration section */

/* Begin XCConfigurationList section */
		C28F493E240E55A8005D9C86 /* Build configuration list for PBXProject "RxSwiftBiliBili" */ = {
			isa = XCConfigurationList;
			buildConfigurations = (
				C28F496B240E55AB005D9C86 /* Debug */,
				C28F496C240E55AB005D9C86 /* Release */,
			);
			defaultConfigurationIsVisible = 0;
			defaultConfigurationName = Release;
		};
		C28F496D240E55AB005D9C86 /* Build configuration list for PBXNativeTarget "RxSwiftBiliBili" */ = {
			isa = XCConfigurationList;
			buildConfigurations = (
				C28F496E240E55AB005D9C86 /* Debug */,
				C28F496F240E55AB005D9C86 /* Release */,
			);
			defaultConfigurationIsVisible = 0;
			defaultConfigurationName = Release;
		};
		C28F4970240E55AB005D9C86 /* Build configuration list for PBXNativeTarget "RxSwiftBiliBiliTests" */ = {
			isa = XCConfigurationList;
			buildConfigurations = (
				C28F4971240E55AB005D9C86 /* Debug */,
				C28F4972240E55AB005D9C86 /* Release */,
			);
			defaultConfigurationIsVisible = 0;
			defaultConfigurationName = Release;
		};
		C28F4973240E55AB005D9C86 /* Build configuration list for PBXNativeTarget "RxSwiftBiliBiliUITests" */ = {
			isa = XCConfigurationList;
			buildConfigurations = (
				C28F4974240E55AB005D9C86 /* Debug */,
				C28F4975240E55AB005D9C86 /* Release */,
			);
			defaultConfigurationIsVisible = 0;
			defaultConfigurationName = Release;
		};
/* End XCConfigurationList section */
	};
	rootObject = C28F493B240E55A8005D9C86 /* Project object */;
}
